Microsoft Visual Studio Solution File, Format Version 12.00
# Visual Studio 15
VisualStudioVersion = 15.0.27004.2008
MinimumVisualStudioVersion = 10.0.40219.1
Project("{9A19103F-16F7-4668-BE54-9A1E7A4F7556}") = "Observer", "Observer\Observer.csproj", "{22B7B266-1DC2-4164-A7C0-A90463F94A67}"
EndProject
Project("{9A19103F-16F7-4668-BE54-9A1E7A4F7556}") = "Observer.Events", "Observer.Events\Observer.Events.csproj", "{138DF7F7-444A-4EC8-9ADF-4F5C801F6CD5}"
EndProject
Project("{9A19103F-16F7-4668-BE54-9A1E7A4F7556}") = "Decorator", "Decorator\Decorator.csproj", "{0DCCC5C6-2799-4763-9BCB-B6B55122C883}"
EndProject
Project("{9A19103F-16F7-4668-BE54-9A1E7A4F7556}") = "FactoryMethod", "FactoryMethod\FactoryMethod.csproj", "{3CFB49A6-B1AE-4110-8293-9D83CBAFE691}"
EndProject
Project("{9A19103F-16F7-4668-BE54-9A1E7A4F7556}") = "AbstractFactory", "AbstractFactory\AbstractFactory.csproj", "{77015205-1386-4C91-AD3F-EEA3F1AA5CCB}"
EndProject
Project("{9A19103F-16F7-4668-BE54-9A1E7A4F7556}") = "Strategy", "Strategy\Strategy.csproj", "{8BB376A8-93FF-4AB3-8AA2-1648FB4E10B9}"
EndProject
Project("{9A19103F-16F7-4668-BE54-9A1E7A4F7556}") = "State", "State\State.csproj", "{2914B7C9-9575-4CE0-BCF2-DF34863796AD}"
EndProject
Project("{9A19103F-16F7-4668-BE54-9A1E7A4F7556}") = "Singleton", "Singleton\Singleton.csproj", "{C1020B38-D949-4AE7-9F66-93E29E85880A}"
EndProject
Project("{9A19103F-16F7-4668-BE54-9A1E7A4F7556}") = "Memento", "Memento\Memento.csproj", "{7FD2F9A6-5314-4457-B3B4-4D2231215AFA}"
EndProject
Project("{9A19103F-16F7-4668-BE54-9A1E7A4F7556}") = "Facade", "Facade\Facade.csproj", "{E9AD9983-B156-408F-A4E7-D755E699FFA9}"
EndProject
Project("{9A19103F-16F7-4668-BE54-9A1E7A4F7556}") = "Command", "Command\Command.csproj", "{7AAEB918-DF27-46D9-BEC7-A8E3050B8573}"
EndProject
Project("{9A19103F-16F7-4668-BE54-9A1E7A4F7556}") = "ChainResponsibility", "ChainResponsibility\ChainResponsibility.csproj", "{95BE4436-B621-4FF4-9C38-8695D4F02E2A}"
EndProject
Project("{9A19103F-16F7-4668-BE54-9A1E7A4F7556}") = "Adapter", "Adapter\Adapter.csproj", "{F05A2DE2-2CDA-4867-A6B9-67F43AFE7923}"
EndProject
Project("{9A19103F-16F7-4668-BE54-9A1E7A4F7556}") = "Bridge", "Bridge\Bridge.csproj", "{3B82C0AD-94D8-4D44-9C08-26BA970741BB}"
EndProject
Project("{9A19103F-16F7-4668-BE54-9A1E7A4F7556}") = "Composite", "Composite\Composite.csproj", "{47FE58FE-5CC4-4D29-AA56-2FD7D02AB8BB}"
EndProject
Project("{9A19103F-16F7-4668-BE54-9A1E7A4F7556}") = "Proxy", "Proxy\Proxy.csproj", "{315930B5-2014-4225-8433-436EFD27F1D4}"
EndProject
Project("{9A19103F-16F7-4668-BE54-9A1E7A4F7556}") = "Flyweight", "Flyweight\Flyweight.csproj", "{FA43886C-6DA2-4DCD-BB0A-7027458A8A3B}"
EndProject
Project("{FAE04EC0-301F-11D3-BF4B-00C04F79EFBC}") = "Visitor", "Visitor\Visitor.csproj", "{CBF6CD1D-EB80-4ECC-BE30-77D0833F70BE}"
EndProject
Global
	GlobalSection(SolutionConfigurationPlatforms) = preSolution
		Debug|Any CPU = Debug|Any CPU
		Debug|x64 = Debug|x64
		Debug|x86 = Debug|x86
		Release|Any CPU = Release|Any CPU
		Release|x64 = Release|x64
		Release|x86 = Release|x86
	EndGlobalSection
	GlobalSection(ProjectConfigurationPlatforms) = postSolution
		{22B7B266-1DC2-4164-A7C0-A90463F94A67}.Debug|Any CPU.ActiveCfg = Debug|Any CPU
		{22B7B266-1DC2-4164-A7C0-A90463F94A67}.Debug|Any CPU.Build.0 = Debug|Any CPU
		{22B7B266-1DC2-4164-A7C0-A90463F94A67}.Debug|x64.ActiveCfg = Debug|Any CPU
		{22B7B266-1DC2-4164-A7C0-A90463F94A67}.Debug|x64.Build.0 = Debug|Any CPU
		{22B7B266-1DC2-4164-A7C0-A90463F94A67}.Debug|x86.ActiveCfg = Debug|Any CPU
		{22B7B266-1DC2-4164-A7C0-A90463F94A67}.Debug|x86.Build.0 = Debug|Any CPU
		{22B7B266-1DC2-4164-A7C0-A90463F94A67}.Release|Any CPU.ActiveCfg = Release|Any CPU
		{22B7B266-1DC2-4164-A7C0-A90463F94A67}.Release|Any CPU.Build.0 = Release|Any CPU
		{22B7B266-1DC2-4164-A7C0-A90463F94A67}.Release|x64.ActiveCfg = Release|Any CPU
		{22B7B266-1DC2-4164-A7C0-A90463F94A67}.Release|x64.Build.0 = Release|Any CPU
		{22B7B266-1DC2-4164-A7C0-A90463F94A67}.Release|x86.ActiveCfg = Release|Any CPU
		{22B7B266-1DC2-4164-A7C0-A90463F94A67}.Release|x86.Build.0 = Release|Any CPU
		{138DF7F7-444A-4EC8-9ADF-4F5C801F6CD5}.Debug|Any CPU.ActiveCfg = Debug|Any CPU
		{138DF7F7-444A-4EC8-9ADF-4F5C801F6CD5}.Debug|Any CPU.Build.0 = Debug|Any CPU
		{138DF7F7-444A-4EC8-9ADF-4F5C801F6CD5}.Debug|x64.ActiveCfg = Debug|Any CPU
		{138DF7F7-444A-4EC8-9ADF-4F5C801F6CD5}.Debug|x64.Build.0 = Debug|Any CPU
		{138DF7F7-444A-4EC8-9ADF-4F5C801F6CD5}.Debug|x86.ActiveCfg = Debug|Any CPU
		{138DF7F7-444A-4EC8-9ADF-4F5C801F6CD5}.Debug|x86.Build.0 = Debug|Any CPU
		{138DF7F7-444A-4EC8-9ADF-4F5C801F6CD5}.Release|Any CPU.ActiveCfg = Release|Any CPU
		{138DF7F7-444A-4EC8-9ADF-4F5C801F6CD5}.Release|Any CPU.Build.0 = Release|Any CPU
		{138DF7F7-444A-4EC8-9ADF-4F5C801F6CD5}.Release|x64.ActiveCfg = Release|Any CPU
		{138DF7F7-444A-4EC8-9ADF-4F5C801F6CD5}.Release|x64.Build.0 = Release|Any CPU
		{138DF7F7-444A-4EC8-9ADF-4F5C801F6CD5}.Release|x86.ActiveCfg = Release|Any CPU
		{138DF7F7-444A-4EC8-9ADF-4F5C801F6CD5}.Release|x86.Build.0 = Release|Any CPU
		{0DCCC5C6-2799-4763-9BCB-B6B55122C883}.Debug|Any CPU.ActiveCfg = Debug|Any CPU
		{0DCCC5C6-2799-4763-9BCB-B6B55122C883}.Debug|Any CPU.Build.0 = Debug|Any CPU
		{0DCCC5C6-2799-4763-9BCB-B6B55122C883}.Debug|x64.ActiveCfg = Debug|Any CPU
		{0DCCC5C6-2799-4763-9BCB-B6B55122C883}.Debug|x64.Build.0 = Debug|Any CPU
		{0DCCC5C6-2799-4763-9BCB-B6B55122C883}.Debug|x86.ActiveCfg = Debug|Any CPU
		{0DCCC5C6-2799-4763-9BCB-B6B55122C883}.Debug|x86.Build.0 = Debug|Any CPU
		{0DCCC5C6-2799-4763-9BCB-B6B55122C883}.Release|Any CPU.ActiveCfg = Release|Any CPU
		{0DCCC5C6-2799-4763-9BCB-B6B55122C883}.Release|Any CPU.Build.0 = Release|Any CPU
		{0DCCC5C6-2799-4763-9BCB-B6B55122C883}.Release|x64.ActiveCfg = Release|Any CPU
		{0DCCC5C6-2799-4763-9BCB-B6B55122C883}.Release|x64.Build.0 = Release|Any CPU
		{0DCCC5C6-2799-4763-9BCB-B6B55122C883}.Release|x86.ActiveCfg = Release|Any CPU
		{0DCCC5C6-2799-4763-9BCB-B6B55122C883}.Release|x86.Build.0 = Release|Any CPU
		{3CFB49A6-B1AE-4110-8293-9D83CBAFE691}.Debug|Any CPU.ActiveCfg = Debug|Any CPU
		{3CFB49A6-B1AE-4110-8293-9D83CBAFE691}.Debug|Any CPU.Build.0 = Debug|Any CPU
		{3CFB49A6-B1AE-4110-8293-9D83CBAFE691}.Debug|x64.ActiveCfg = Debug|Any CPU
		{3CFB49A6-B1AE-4110-8293-9D83CBAFE691}.Debug|x64.Build.0 = Debug|Any CPU
		{3CFB49A6-B1AE-4110-8293-9D83CBAFE691}.Debug|x86.ActiveCfg = Debug|Any CPU
		{3CFB49A6-B1AE-4110-8293-9D83CBAFE691}.Debug|x86.Build.0 = Debug|Any CPU
		{3CFB49A6-B1AE-4110-8293-9D83CBAFE691}.Release|Any CPU.ActiveCfg = Release|Any CPU
		{3CFB49A6-B1AE-4110-8293-9D83CBAFE691}.Release|Any CPU.Build.0 = Release|Any CPU
		{3CFB49A6-B1AE-4110-8293-9D83CBAFE691}.Release|x64.ActiveCfg = Release|Any CPU
		{3CFB49A6-B1AE-4110-8293-9D83CBAFE691}.Release|x64.Build.0 = Release|Any CPU
		{3CFB49A6-B1AE-4110-8293-9D83CBAFE691}.Release|x86.ActiveCfg = Release|Any CPU
		{3CFB49A6-B1AE-4110-8293-9D83CBAFE691}.Release|x86.Build.0 = Release|Any CPU
		{77015205-1386-4C91-AD3F-EEA3F1AA5CCB}.Debug|Any CPU.ActiveCfg = Debug|Any CPU
		{77015205-1386-4C91-AD3F-EEA3F1AA5CCB}.Debug|Any CPU.Build.0 = Debug|Any CPU
		{77015205-1386-4C91-AD3F-EEA3F1AA5CCB}.Debug|x64.ActiveCfg = Debug|Any CPU
		{77015205-1386-4C91-AD3F-EEA3F1AA5CCB}.Debug|x64.Build.0 = Debug|Any CPU
		{77015205-1386-4C91-AD3F-EEA3F1AA5CCB}.Debug|x86.ActiveCfg = Debug|Any CPU
		{77015205-1386-4C91-AD3F-EEA3F1AA5CCB}.Debug|x86.Build.0 = Debug|Any CPU
		{77015205-1386-4C91-AD3F-EEA3F1AA5CCB}.Release|Any CPU.ActiveCfg = Release|Any CPU
		{77015205-1386-4C91-AD3F-EEA3F1AA5CCB}.Release|Any CPU.Build.0 = Release|Any CPU
		{77015205-1386-4C91-AD3F-EEA3F1AA5CCB}.Release|x64.ActiveCfg = Release|Any CPU
		{77015205-1386-4C91-AD3F-EEA3F1AA5CCB}.Release|x64.Build.0 = Release|Any CPU
		{77015205-1386-4C91-AD3F-EEA3F1AA5CCB}.Release|x86.ActiveCfg = Release|Any CPU
		{77015205-1386-4C91-AD3F-EEA3F1AA5CCB}.Release|x86.Build.0 = Release|Any CPU
		{8BB376A8-93FF-4AB3-8AA2-1648FB4E10B9}.Debug|Any CPU.ActiveCfg = Debug|Any CPU
		{8BB376A8-93FF-4AB3-8AA2-1648FB4E10B9}.Debug|Any CPU.Build.0 = Debug|Any CPU
		{8BB376A8-93FF-4AB3-8AA2-1648FB4E10B9}.Debug|x64.ActiveCfg = Debug|Any CPU
		{8BB376A8-93FF-4AB3-8AA2-1648FB4E10B9}.Debug|x64.Build.0 = Debug|Any CPU
		{8BB376A8-93FF-4AB3-8AA2-1648FB4E10B9}.Debug|x86.ActiveCfg = Debug|Any CPU
		{8BB376A8-93FF-4AB3-8AA2-1648FB4E10B9}.Debug|x86.Build.0 = Debug|Any CPU
		{8BB376A8-93FF-4AB3-8AA2-1648FB4E10B9}.Release|Any CPU.ActiveCfg = Release|Any CPU
		{8BB376A8-93FF-4AB3-8AA2-1648FB4E10B9}.Release|Any CPU.Build.0 = Release|Any CPU
		{8BB376A8-93FF-4AB3-8AA2-1648FB4E10B9}.Release|x64.ActiveCfg = Release|Any CPU
		{8BB376A8-93FF-4AB3-8AA2-1648FB4E10B9}.Release|x64.Build.0 = Release|Any CPU
		{8BB376A8-93FF-4AB3-8AA2-1648FB4E10B9}.Release|x86.ActiveCfg = Release|Any CPU
		{8BB376A8-93FF-4AB3-8AA2-1648FB4E10B9}.Release|x86.Build.0 = Release|Any CPU
		{2914B7C9-9575-4CE0-BCF2-DF34863796AD}.Debug|Any CPU.ActiveCfg = Debug|Any CPU
		{2914B7C9-9575-4CE0-BCF2-DF34863796AD}.Debug|Any CPU.Build.0 = Debug|Any CPU
		{2914B7C9-9575-4CE0-BCF2-DF34863796AD}.Debug|x64.ActiveCfg = Debug|Any CPU
		{2914B7C9-9575-4CE0-BCF2-DF34863796AD}.Debug|x64.Build.0 = Debug|Any CPU
		{2914B7C9-9575-4CE0-BCF2-DF34863796AD}.Debug|x86.ActiveCfg = Debug|Any CPU
		{2914B7C9-9575-4CE0-BCF2-DF34863796AD}.Debug|x86.Build.0 = Debug|Any CPU
		{2914B7C9-9575-4CE0-BCF2-DF34863796AD}.Release|Any CPU.ActiveCfg = Release|Any CPU
		{2914B7C9-9575-4CE0-BCF2-DF34863796AD}.Release|Any CPU.Build.0 = Release|Any CPU
		{2914B7C9-9575-4CE0-BCF2-DF34863796AD}.Release|x64.ActiveCfg = Release|Any CPU
		{2914B7C9-9575-4CE0-BCF2-DF34863796AD}.Release|x64.Build.0 = Release|Any CPU
		{2914B7C9-9575-4CE0-BCF2-DF34863796AD}.Release|x86.ActiveCfg = Release|Any CPU
		{2914B7C9-9575-4CE0-BCF2-DF34863796AD}.Release|x86.Build.0 = Release|Any CPU
		{C1020B38-D949-4AE7-9F66-93E29E85880A}.Debug|Any CPU.ActiveCfg = Debug|Any CPU
		{C1020B38-D949-4AE7-9F66-93E29E85880A}.Debug|Any CPU.Build.0 = Debug|Any CPU
		{C1020B38-D949-4AE7-9F66-93E29E85880A}.Debug|x64.ActiveCfg = Debug|Any CPU
		{C1020B38-D949-4AE7-9F66-93E29E85880A}.Debug|x64.Build.0 = Debug|Any CPU
		{C1020B38-D949-4AE7-9F66-93E29E85880A}.Debug|x86.ActiveCfg = Debug|Any CPU
		{C1020B38-D949-4AE7-9F66-93E29E85880A}.Debug|x86.Build.0 = Debug|Any CPU
		{C1020B38-D949-4AE7-9F66-93E29E85880A}.Release|Any CPU.ActiveCfg = Release|Any CPU
		{C1020B38-D949-4AE7-9F66-93E29E85880A}.Release|Any CPU.Build.0 = Release|Any CPU
		{C1020B38-D949-4AE7-9F66-93E29E85880A}.Release|x64.ActiveCfg = Release|Any CPU
		{C1020B38-D949-4AE7-9F66-93E29E85880A}.Release|x64.Build.0 = Release|Any CPU
		{C1020B38-D949-4AE7-9F66-93E29E85880A}.Release|x86.ActiveCfg = Release|Any CPU
		{C1020B38-D949-4AE7-9F66-93E29E85880A}.Release|x86.Build.0 = Release|Any CPU
		{7FD2F9A6-5314-4457-B3B4-4D2231215AFA}.Debug|Any CPU.ActiveCfg = Debug|Any CPU
		{7FD2F9A6-5314-4457-B3B4-4D2231215AFA}.Debug|Any CPU.Build.0 = Debug|Any CPU
		{7FD2F9A6-5314-4457-B3B4-4D2231215AFA}.Debug|x64.ActiveCfg = Debug|Any CPU
		{7FD2F9A6-5314-4457-B3B4-4D2231215AFA}.Debug|x64.Build.0 = Debug|Any CPU
		{7FD2F9A6-5314-4457-B3B4-4D2231215AFA}.Debug|x86.ActiveCfg = Debug|Any CPU
		{7FD2F9A6-5314-4457-B3B4-4D2231215AFA}.Debug|x86.Build.0 = Debug|Any CPU
		{7FD2F9A6-5314-4457-B3B4-4D2231215AFA}.Release|Any CPU.ActiveCfg = Release|Any CPU
		{7FD2F9A6-5314-4457-B3B4-4D2231215AFA}.Release|Any CPU.Build.0 = Release|Any CPU
		{7FD2F9A6-5314-4457-B3B4-4D2231215AFA}.Release|x64.ActiveCfg = Release|Any CPU
		{7FD2F9A6-5314-4457-B3B4-4D2231215AFA}.Release|x64.Build.0 = Release|Any CPU
		{7FD2F9A6-5314-4457-B3B4-4D2231215AFA}.Release|x86.ActiveCfg = Release|Any CPU
		{7FD2F9A6-5314-4457-B3B4-4D2231215AFA}.Release|x86.Build.0 = Release|Any CPU
		{E9AD9983-B156-408F-A4E7-D755E699FFA9}.Debug|Any CPU.ActiveCfg = Debug|Any CPU
		{E9AD9983-B156-408F-A4E7-D755E699FFA9}.Debug|Any CPU.Build.0 = Debug|Any CPU
		{E9AD9983-B156-408F-A4E7-D755E699FFA9}.Debug|x64.ActiveCfg = Debug|Any CPU
		{E9AD9983-B156-408F-A4E7-D755E699FFA9}.Debug|x64.Build.0 = Debug|Any CPU
		{E9AD9983-B156-408F-A4E7-D755E699FFA9}.Debug|x86.ActiveCfg = Debug|Any CPU
		{E9AD9983-B156-408F-A4E7-D755E699FFA9}.Debug|x86.Build.0 = Debug|Any CPU
		{E9AD9983-B156-408F-A4E7-D755E699FFA9}.Release|Any CPU.ActiveCfg = Release|Any CPU
		{E9AD9983-B156-408F-A4E7-D755E699FFA9}.Release|Any CPU.Build.0 = Release|Any CPU
		{E9AD9983-B156-408F-A4E7-D755E699FFA9}.Release|x64.ActiveCfg = Release|Any CPU
		{E9AD9983-B156-408F-A4E7-D755E699FFA9}.Release|x64.Build.0 = Release|Any CPU
		{E9AD9983-B156-408F-A4E7-D755E699FFA9}.Release|x86.ActiveCfg = Release|Any CPU
		{E9AD9983-B156-408F-A4E7-D755E699FFA9}.Release|x86.Build.0 = Release|Any CPU
		{7AAEB918-DF27-46D9-BEC7-A8E3050B8573}.Debug|Any CPU.ActiveCfg = Debug|Any CPU
		{7AAEB918-DF27-46D9-BEC7-A8E3050B8573}.Debug|Any CPU.Build.0 = Debug|Any CPU
		{7AAEB918-DF27-46D9-BEC7-A8E3050B8573}.Debug|x64.ActiveCfg = Debug|Any CPU
		{7AAEB918-DF27-46D9-BEC7-A8E3050B8573}.Debug|x64.Build.0 = Debug|Any CPU
		{7AAEB918-DF27-46D9-BEC7-A8E3050B8573}.Debug|x86.ActiveCfg = Debug|Any CPU
		{7AAEB918-DF27-46D9-BEC7-A8E3050B8573}.Debug|x86.Build.0 = Debug|Any CPU
		{7AAEB918-DF27-46D9-BEC7-A8E3050B8573}.Release|Any CPU.ActiveCfg = Release|Any CPU
		{7AAEB918-DF27-46D9-BEC7-A8E3050B8573}.Release|Any CPU.Build.0 = Release|Any CPU
		{7AAEB918-DF27-46D9-BEC7-A8E3050B8573}.Release|x64.ActiveCfg = Release|Any CPU
		{7AAEB918-DF27-46D9-BEC7-A8E3050B8573}.Release|x64.Build.0 = Release|Any CPU
		{7AAEB918-DF27-46D9-BEC7-A8E3050B8573}.Release|x86.ActiveCfg = Release|Any CPU
		{7AAEB918-DF27-46D9-BEC7-A8E3050B8573}.Release|x86.Build.0 = Release|Any CPU
		{95BE4436-B621-4FF4-9C38-8695D4F02E2A}.Debug|Any CPU.ActiveCfg = Debug|Any CPU
		{95BE4436-B621-4FF4-9C38-8695D4F02E2A}.Debug|Any CPU.Build.0 = Debug|Any CPU
		{95BE4436-B621-4FF4-9C38-8695D4F02E2A}.Debug|x64.ActiveCfg = Debug|Any CPU
		{95BE4436-B621-4FF4-9C38-8695D4F02E2A}.Debug|x64.Build.0 = Debug|Any CPU
		{95BE4436-B621-4FF4-9C38-8695D4F02E2A}.Debug|x86.ActiveCfg = Debug|Any CPU
		{95BE4436-B621-4FF4-9C38-8695D4F02E2A}.Debug|x86.Build.0 = Debug|Any CPU
		{95BE4436-B621-4FF4-9C38-8695D4F02E2A}.Release|Any CPU.ActiveCfg = Release|Any CPU
		{95BE4436-B621-4FF4-9C38-8695D4F02E2A}.Release|Any CPU.Build.0 = Release|Any CPU
		{95BE4436-B621-4FF4-9C38-8695D4F02E2A}.Release|x64.ActiveCfg = Release|Any CPU
		{95BE4436-B621-4FF4-9C38-8695D4F02E2A}.Release|x64.Build.0 = Release|Any CPU
		{95BE4436-B621-4FF4-9C38-8695D4F02E2A}.Release|x86.ActiveCfg = Release|Any CPU
		{95BE4436-B621-4FF4-9C38-8695D4F02E2A}.Release|x86.Build.0 = Release|Any CPU
		{F05A2DE2-2CDA-4867-A6B9-67F43AFE7923}.Debug|Any CPU.ActiveCfg = Debug|Any CPU
		{F05A2DE2-2CDA-4867-A6B9-67F43AFE7923}.Debug|Any CPU.Build.0 = Debug|Any CPU
		{F05A2DE2-2CDA-4867-A6B9-67F43AFE7923}.Debug|x64.ActiveCfg = Debug|Any CPU
		{F05A2DE2-2CDA-4867-A6B9-67F43AFE7923}.Debug|x64.Build.0 = Debug|Any CPU
		{F05A2DE2-2CDA-4867-A6B9-67F43AFE7923}.Debug|x86.ActiveCfg = Debug|Any CPU
		{F05A2DE2-2CDA-4867-A6B9-67F43AFE7923}.Debug|x86.Build.0 = Debug|Any CPU
		{F05A2DE2-2CDA-4867-A6B9-67F43AFE7923}.Release|Any CPU.ActiveCfg = Release|Any CPU
		{F05A2DE2-2CDA-4867-A6B9-67F43AFE7923}.Release|Any CPU.Build.0 = Release|Any CPU
		{F05A2DE2-2CDA-4867-A6B9-67F43AFE7923}.Release|x64.ActiveCfg = Release|Any CPU
		{F05A2DE2-2CDA-4867-A6B9-67F43AFE7923}.Release|x64.Build.0 = Release|Any CPU
		{F05A2DE2-2CDA-4867-A6B9-67F43AFE7923}.Release|x86.ActiveCfg = Release|Any CPU
		{F05A2DE2-2CDA-4867-A6B9-67F43AFE7923}.Release|x86.Build.0 = Release|Any CPU
		{3B82C0AD-94D8-4D44-9C08-26BA970741BB}.Debug|Any CPU.ActiveCfg = Debug|Any CPU
		{3B82C0AD-94D8-4D44-9C08-26BA970741BB}.Debug|Any CPU.Build.0 = Debug|Any CPU
		{3B82C0AD-94D8-4D44-9C08-26BA970741BB}.Debug|x64.ActiveCfg = Debug|Any CPU
		{3B82C0AD-94D8-4D44-9C08-26BA970741BB}.Debug|x64.Build.0 = Debug|Any CPU
		{3B82C0AD-94D8-4D44-9C08-26BA970741BB}.Debug|x86.ActiveCfg = Debug|Any CPU
		{3B82C0AD-94D8-4D44-9C08-26BA970741BB}.Debug|x86.Build.0 = Debug|Any CPU
		{3B82C0AD-94D8-4D44-9C08-26BA970741BB}.Release|Any CPU.ActiveCfg = Release|Any CPU
		{3B82C0AD-94D8-4D44-9C08-26BA970741BB}.Release|Any CPU.Build.0 = Release|Any CPU
		{3B82C0AD-94D8-4D44-9C08-26BA970741BB}.Release|x64.ActiveCfg = Release|Any CPU
		{3B82C0AD-94D8-4D44-9C08-26BA970741BB}.Release|x64.Build.0 = Release|Any CPU
		{3B82C0AD-94D8-4D44-9C08-26BA970741BB}.Release|x86.ActiveCfg = Release|Any CPU
		{3B82C0AD-94D8-4D44-9C08-26BA970741BB}.Release|x86.Build.0 = Release|Any CPU
		{47FE58FE-5CC4-4D29-AA56-2FD7D02AB8BB}.Debug|Any CPU.ActiveCfg = Debug|Any CPU
		{47FE58FE-5CC4-4D29-AA56-2FD7D02AB8BB}.Debug|Any CPU.Build.0 = Debug|Any CPU
		{47FE58FE-5CC4-4D29-AA56-2FD7D02AB8BB}.Debug|x64.ActiveCfg = Debug|Any CPU
		{47FE58FE-5CC4-4D29-AA56-2FD7D02AB8BB}.Debug|x64.Build.0 = Debug|Any CPU
		{47FE58FE-5CC4-4D29-AA56-2FD7D02AB8BB}.Debug|x86.ActiveCfg = Debug|Any CPU
		{47FE58FE-5CC4-4D29-AA56-2FD7D02AB8BB}.Debug|x86.Build.0 = Debug|Any CPU
		{47FE58FE-5CC4-4D29-AA56-2FD7D02AB8BB}.Release|Any CPU.ActiveCfg = Release|Any CPU
		{47FE58FE-5CC4-4D29-AA56-2FD7D02AB8BB}.Release|Any CPU.Build.0 = Release|Any CPU
		{47FE58FE-5CC4-4D29-AA56-2FD7D02AB8BB}.Release|x64.ActiveCfg = Release|Any CPU
		{47FE58FE-5CC4-4D29-AA56-2FD7D02AB8BB}.Release|x64.Build.0 = Release|Any CPU
		{47FE58FE-5CC4-4D29-AA56-2FD7D02AB8BB}.Release|x86.ActiveCfg = Release|Any CPU
		{47FE58FE-5CC4-4D29-AA56-2FD7D02AB8BB}.Release|x86.Build.0 = Release|Any CPU
		{315930B5-2014-4225-8433-436EFD27F1D4}.Debug|Any CPU.ActiveCfg = Debug|Any CPU
		{315930B5-2014-4225-8433-436EFD27F1D4}.Debug|Any CPU.Build.0 = Debug|Any CPU
		{315930B5-2014-4225-8433-436EFD27F1D4}.Debug|x64.ActiveCfg = Debug|Any CPU
		{315930B5-2014-4225-8433-436EFD27F1D4}.Debug|x64.Build.0 = Debug|Any CPU
		{315930B5-2014-4225-8433-436EFD27F1D4}.Debug|x86.ActiveCfg = Debug|Any CPU
		{315930B5-2014-4225-8433-436EFD27F1D4}.Debug|x86.Build.0 = Debug|Any CPU
		{315930B5-2014-4225-8433-436EFD27F1D4}.Release|Any CPU.ActiveCfg = Release|Any CPU
		{315930B5-2014-4225-8433-436EFD27F1D4}.Release|Any CPU.Build.0 = Release|Any CPU
		{315930B5-2014-4225-8433-436EFD27F1D4}.Release|x64.ActiveCfg = Release|Any CPU
		{315930B5-2014-4225-8433-436EFD27F1D4}.Release|x64.Build.0 = Release|Any CPU
		{315930B5-2014-4225-8433-436EFD27F1D4}.Release|x86.ActiveCfg = Release|Any CPU
		{315930B5-2014-4225-8433-436EFD27F1D4}.Release|x86.Build.0 = Release|Any CPU
		{FA43886C-6DA2-4DCD-BB0A-7027458A8A3B}.Debug|Any CPU.ActiveCfg = Debug|Any CPU
		{FA43886C-6DA2-4DCD-BB0A-7027458A8A3B}.Debug|Any CPU.Build.0 = Debug|Any CPU
		{FA43886C-6DA2-4DCD-BB0A-7027458A8A3B}.Debug|x64.ActiveCfg = Debug|Any CPU
		{FA43886C-6DA2-4DCD-BB0A-7027458A8A3B}.Debug|x64.Build.0 = Debug|Any CPU
		{FA43886C-6DA2-4DCD-BB0A-7027458A8A3B}.Debug|x86.ActiveCfg = Debug|Any CPU
		{FA43886C-6DA2-4DCD-BB0A-7027458A8A3B}.Debug|x86.Build.0 = Debug|Any CPU
		{FA43886C-6DA2-4DCD-BB0A-7027458A8A3B}.Release|Any CPU.ActiveCfg = Release|Any CPU
		{FA43886C-6DA2-4DCD-BB0A-7027458A8A3B}.Release|Any CPU.Build.0 = Release|Any CPU
		{FA43886C-6DA2-4DCD-BB0A-7027458A8A3B}.Release|x64.ActiveCfg = Release|Any CPU
		{FA43886C-6DA2-4DCD-BB0A-7027458A8A3B}.Release|x64.Build.0 = Release|Any CPU
		{FA43886C-6DA2-4DCD-BB0A-7027458A8A3B}.Release|x86.ActiveCfg = Release|Any CPU
		{FA43886C-6DA2-4DCD-BB0A-7027458A8A3B}.Release|x86.Build.0 = Release|Any CPU
		{CBF6CD1D-EB80-4ECC-BE30-77D0833F70BE}.Debug|Any CPU.ActiveCfg = Debug|Any CPU
		{CBF6CD1D-EB80-4ECC-BE30-77D0833F70BE}.Debug|Any CPU.Build.0 = Debug|Any CPU
		{CBF6CD1D-EB80-4ECC-BE30-77D0833F70BE}.Debug|x64.ActiveCfg = Debug|Any CPU
		{CBF6CD1D-EB80-4ECC-BE30-77D0833F70BE}.Debug|x64.Build.0 = Debug|Any CPU
		{CBF6CD1D-EB80-4ECC-BE30-77D0833F70BE}.Debug|x86.ActiveCfg = Debug|Any CPU
		{CBF6CD1D-EB80-4ECC-BE30-77D0833F70BE}.Debug|x86.Build.0 = Debug|Any CPU
		{CBF6CD1D-EB80-4ECC-BE30-77D0833F70BE}.Release|Any CPU.ActiveCfg = Release|Any CPU
		{CBF6CD1D-EB80-4ECC-BE30-77D0833F70BE}.Release|Any CPU.Build.0 = Release|Any CPU
		{CBF6CD1D-EB80-4ECC-BE30-77D0833F70BE}.Release|x64.ActiveCfg = Release|Any CPU
		{CBF6CD1D-EB80-4ECC-BE30-77D0833F70BE}.Release|x64.Build.0 = Release|Any CPU
		{CBF6CD1D-EB80-4ECC-BE30-77D0833F70BE}.Release|x86.ActiveCfg = Release|Any CPU
		{CBF6CD1D-EB80-4ECC-BE30-77D0833F70BE}.Release|x86.Build.0 = Release|Any CPU
	EndGlobalSection
	GlobalSection(SolutionProperties) = preSolution
		HideSolutionNode = FALSE
	EndGlobalSection
	GlobalSection(ExtensibilityGlobals) = postSolution
		SolutionGuid = {3F42409E-B7E7-465C-A27E-01F85615B1B4}
	EndGlobalSection
EndGlobal
